
Microsoft Visual Studio Solution File, Format Version 12.00
# Visual Studio Version 16
VisualStudioVersion = 16.0.30011.22
MinimumVisualStudioVersion = 10.0.40219.1
Project("{FAE04EC0-301F-11D3-BF4B-00C04F79EFBC}") = "StatementParser", "StatementParser\StatementParser.csproj", "{896B97FF-4325-4C53-B5DD-BFC142E77A23}"
EndProject
Global
	GlobalSection(SolutionConfigurationPlatforms) = preSolution
		Debug|Any CPU = Debug|Any CPU
		Release|Any CPU = Release|Any CPU
	EndGlobalSection
	GlobalSection(ProjectConfigurationPlatforms) = postSolution
		{896B97FF-4325-4C53-B5DD-BFC142E77A23}.Debug|Any CPU.ActiveCfg = Debug|Any CPU
		{896B97FF-4325-4C53-B5DD-BFC142E77A23}.Debug|Any CPU.Build.0 = Debug|Any CPU
		{896B97FF-4325-4C53-B5DD-BFC142E77A23}.Release|Any CPU.ActiveCfg = Release|Any CPU
		{896B97FF-4325-4C53-B5DD-BFC142E77A23}.Release|Any CPU.Build.0 = Release|Any CPU
	EndGlobalSection
	GlobalSection(SolutionProperties) = preSolution
		HideSolutionNode = FALSE
	EndGlobalSection
	GlobalSection(ExtensibilityGlobals) = postSolution
		SolutionGuid = {5F4F064F-1633-42BE-B04D-9FD32E45D8B1}
	EndGlobalSection
EndGlobal
